// !$*UTF8*$!
{
	archiveVersion = 1;
	classes = {
	};
	objectVersion = 51;
	objects = {

/* Begin PBXBuildFile section */
		2E03448EB2EF3EAACDE24756 /* Pods_desafio_ios_gabriel_rodriguesTests.framework in Frameworks */ = {isa = PBXBuildFile; fileRef = AB8881A8004C7BECCCC3350D /* Pods_desafio_ios_gabriel_rodriguesTests.framework */; };
		849BBD507F3230E1B02EE806 /* Pods_desafio_ios_gabriel_rodrigues.framework in Frameworks */ = {isa = PBXBuildFile; fileRef = 85214A77E4AEE50CC25E8DA2 /* Pods_desafio_ios_gabriel_rodrigues.framework */; };
		B1B6103DCAEC532EAE9E26F2 /* Pods_desafio_ios_gabriel_rodriguesUITests.framework in Frameworks */ = {isa = PBXBuildFile; fileRef = A3008AC5890FCFAA580DE379 /* Pods_desafio_ios_gabriel_rodriguesUITests.framework */; };
		C0FE08F723FB30B600D9024D /* AppDelegate.swift in Sources */ = {isa = PBXBuildFile; fileRef = C0FE08F623FB30B600D9024D /* AppDelegate.swift */; };
		C0FE08F923FB30B600D9024D /* SceneDelegate.swift in Sources */ = {isa = PBXBuildFile; fileRef = C0FE08F823FB30B600D9024D /* SceneDelegate.swift */; };
		C0FE08FB23FB30B600D9024D /* ViewController.swift in Sources */ = {isa = PBXBuildFile; fileRef = C0FE08FA23FB30B600D9024D /* ViewController.swift */; };
		C0FE08FE23FB30B600D9024D /* Main.storyboard in Resources */ = {isa = PBXBuildFile; fileRef = C0FE08FC23FB30B600D9024D /* Main.storyboard */; };
		C0FE090023FB30BA00D9024D /* Assets.xcassets in Resources */ = {isa = PBXBuildFile; fileRef = C0FE08FF23FB30BA00D9024D /* Assets.xcassets */; };
		C0FE090323FB30BA00D9024D /* LaunchScreen.storyboard in Resources */ = {isa = PBXBuildFile; fileRef = C0FE090123FB30BA00D9024D /* LaunchScreen.storyboard */; };
		C0FE090E23FB30BA00D9024D /* desafio_ios_gabriel_rodriguesTests.swift in Sources */ = {isa = PBXBuildFile; fileRef = C0FE090D23FB30BA00D9024D /* desafio_ios_gabriel_rodriguesTests.swift */; };
		C0FE091923FB30BA00D9024D /* desafio_ios_gabriel_rodriguesUITests.swift in Sources */ = {isa = PBXBuildFile; fileRef = C0FE091823FB30BA00D9024D /* desafio_ios_gabriel_rodriguesUITests.swift */; };
		C0FE092923FB30F300D9024D /* Router.swift in Sources */ = {isa = PBXBuildFile; fileRef = C0FE092723FB30F200D9024D /* Router.swift */; };
		C0FE092A23FB30F300D9024D /* Network.swift in Sources */ = {isa = PBXBuildFile; fileRef = C0FE092823FB30F300D9024D /* Network.swift */; };
		C0FE092D23FB32E300D9024D /* Character.swift in Sources */ = {isa = PBXBuildFile; fileRef = C0FE092C23FB32E300D9024D /* Character.swift */; };
		C0FE092F23FB33E200D9024D /* Comic.swift in Sources */ = {isa = PBXBuildFile; fileRef = C0FE092E23FB33E200D9024D /* Comic.swift */; };
		C0FE093223FB35E400D9024D /* AppAuth.swift in Sources */ = {isa = PBXBuildFile; fileRef = C0FE093123FB35E400D9024D /* AppAuth.swift */; };
		C0FE094123FC4B4900D9024D /* CharactersViewController.swift in Sources */ = {isa = PBXBuildFile; fileRef = C0FE094023FC4B4900D9024D /* CharactersViewController.swift */; };
		C0FE094323FC4C1100D9024D /* CharactersViewModel.swift in Sources */ = {isa = PBXBuildFile; fileRef = C0FE094223FC4C1100D9024D /* CharactersViewModel.swift */; };
		C0FE094523FC4C1E00D9024D /* Characters.storyboard in Resources */ = {isa = PBXBuildFile; fileRef = C0FE094423FC4C1E00D9024D /* Characters.storyboard */; };
		C0FE094B23FC511B00D9024D /* CharactersCell.swift in Sources */ = {isa = PBXBuildFile; fileRef = C0FE094A23FC511B00D9024D /* CharactersCell.swift */; };
		C0FE094D23FC514500D9024D /* CharactersCell.xib in Resources */ = {isa = PBXBuildFile; fileRef = C0FE094C23FC514500D9024D /* CharactersCell.xib */; };
		C0FE094F23FC5A2500D9024D /* ClientServer.swift in Sources */ = {isa = PBXBuildFile; fileRef = C0FE094E23FC5A2500D9024D /* ClientServer.swift */; };
/* End PBXBuildFile section */

/* Begin PBXContainerItemProxy section */
		C0FE090A23FB30BA00D9024D /* PBXContainerItemProxy */ = {
			isa = PBXContainerItemProxy;
			containerPortal = C0FE08EB23FB30B600D9024D /* Project object */;
			proxyType = 1;
			remoteGlobalIDString = C0FE08F223FB30B600D9024D;
			remoteInfo = "desafio-ios-gabriel-rodrigues";
		};
		C0FE091523FB30BA00D9024D /* PBXContainerItemProxy */ = {
			isa = PBXContainerItemProxy;
			containerPortal = C0FE08EB23FB30B600D9024D /* Project object */;
			proxyType = 1;
			remoteGlobalIDString = C0FE08F223FB30B600D9024D;
			remoteInfo = "desafio-ios-gabriel-rodrigues";
		};
/* End PBXContainerItemProxy section */

/* Begin PBXFileReference section */
		1013180B547447D14A79EAF3 /* Pods-desafio-ios-gabriel-rodrigues.debug.xcconfig */ = {isa = PBXFileReference; includeInIndex = 1; lastKnownFileType = text.xcconfig; name = "Pods-desafio-ios-gabriel-rodrigues.debug.xcconfig"; path = "Target Support Files/Pods-desafio-ios-gabriel-rodrigues/Pods-desafio-ios-gabriel-rodrigues.debug.xcconfig"; sourceTree = "<group>"; };
		2083ECFBC6B830A2E522490A /* Pods-desafio-ios-gabriel-rodriguesUITests.release.xcconfig */ = {isa = PBXFileReference; includeInIndex = 1; lastKnownFileType = text.xcconfig; name = "Pods-desafio-ios-gabriel-rodriguesUITests.release.xcconfig"; path = "Target Support Files/Pods-desafio-ios-gabriel-rodriguesUITests/Pods-desafio-ios-gabriel-rodriguesUITests.release.xcconfig"; sourceTree = "<group>"; };
		2EACD498624A31D1490C158F /* Pods-desafio-ios-gabriel-rodriguesUITests.debug.xcconfig */ = {isa = PBXFileReference; includeInIndex = 1; lastKnownFileType = text.xcconfig; name = "Pods-desafio-ios-gabriel-rodriguesUITests.debug.xcconfig"; path = "Target Support Files/Pods-desafio-ios-gabriel-rodriguesUITests/Pods-desafio-ios-gabriel-rodriguesUITests.debug.xcconfig"; sourceTree = "<group>"; };
		528BFDCAC14429968FAF16A4 /* Pods-desafio-ios-gabriel-rodrigues.release.xcconfig */ = {isa = PBXFileReference; includeInIndex = 1; lastKnownFileType = text.xcconfig; name = "Pods-desafio-ios-gabriel-rodrigues.release.xcconfig"; path = "Target Support Files/Pods-desafio-ios-gabriel-rodrigues/Pods-desafio-ios-gabriel-rodrigues.release.xcconfig"; sourceTree = "<group>"; };
		85214A77E4AEE50CC25E8DA2 /* Pods_desafio_ios_gabriel_rodrigues.framework */ = {isa = PBXFileReference; explicitFileType = wrapper.framework; includeInIndex = 0; path = Pods_desafio_ios_gabriel_rodrigues.framework; sourceTree = BUILT_PRODUCTS_DIR; };
		90745ED5B2B594DCF78AF755 /* Pods-desafio-ios-gabriel-rodriguesTests.debug.xcconfig */ = {isa = PBXFileReference; includeInIndex = 1; lastKnownFileType = text.xcconfig; name = "Pods-desafio-ios-gabriel-rodriguesTests.debug.xcconfig"; path = "Target Support Files/Pods-desafio-ios-gabriel-rodriguesTests/Pods-desafio-ios-gabriel-rodriguesTests.debug.xcconfig"; sourceTree = "<group>"; };
		A3008AC5890FCFAA580DE379 /* Pods_desafio_ios_gabriel_rodriguesUITests.framework */ = {isa = PBXFileReference; explicitFileType = wrapper.framework; includeInIndex = 0; path = Pods_desafio_ios_gabriel_rodriguesUITests.framework; sourceTree = BUILT_PRODUCTS_DIR; };
		AB8881A8004C7BECCCC3350D /* Pods_desafio_ios_gabriel_rodriguesTests.framework */ = {isa = PBXFileReference; explicitFileType = wrapper.framework; includeInIndex = 0; path = Pods_desafio_ios_gabriel_rodriguesTests.framework; sourceTree = BUILT_PRODUCTS_DIR; };
		C0FE08F323FB30B600D9024D /* desafio-ios-gabriel-rodrigues.app */ = {isa = PBXFileReference; explicitFileType = wrapper.application; includeInIndex = 0; path = "desafio-ios-gabriel-rodrigues.app"; sourceTree = BUILT_PRODUCTS_DIR; };
		C0FE08F623FB30B600D9024D /* AppDelegate.swift */ = {isa = PBXFileReference; lastKnownFileType = sourcecode.swift; path = AppDelegate.swift; sourceTree = "<group>"; };
		C0FE08F823FB30B600D9024D /* SceneDelegate.swift */ = {isa = PBXFileReference; lastKnownFileType = sourcecode.swift; path = SceneDelegate.swift; sourceTree = "<group>"; };
		C0FE08FA23FB30B600D9024D /* ViewController.swift */ = {isa = PBXFileReference; lastKnownFileType = sourcecode.swift; path = ViewController.swift; sourceTree = "<group>"; };
		C0FE08FD23FB30B600D9024D /* Base */ = {isa = PBXFileReference; lastKnownFileType = file.storyboard; name = Base; path = Base.lproj/Main.storyboard; sourceTree = "<group>"; };
		C0FE08FF23FB30BA00D9024D /* Assets.xcassets */ = {isa = PBXFileReference; lastKnownFileType = folder.assetcatalog; path = Assets.xcassets; sourceTree = "<group>"; };
		C0FE090223FB30BA00D9024D /* Base */ = {isa = PBXFileReference; lastKnownFileType = file.storyboard; name = Base; path = Base.lproj/LaunchScreen.storyboard; sourceTree = "<group>"; };
		C0FE090423FB30BA00D9024D /* Info.plist */ = {isa = PBXFileReference; lastKnownFileType = text.plist.xml; path = Info.plist; sourceTree = "<group>"; };
		C0FE090923FB30BA00D9024D /* desafio-ios-gabriel-rodriguesTests.xctest */ = {isa = PBXFileReference; explicitFileType = wrapper.cfbundle; includeInIndex = 0; path = "desafio-ios-gabriel-rodriguesTests.xctest"; sourceTree = BUILT_PRODUCTS_DIR; };
		C0FE090D23FB30BA00D9024D /* desafio_ios_gabriel_rodriguesTests.swift */ = {isa = PBXFileReference; lastKnownFileType = sourcecode.swift; path = desafio_ios_gabriel_rodriguesTests.swift; sourceTree = "<group>"; };
		C0FE090F23FB30BA00D9024D /* Info.plist */ = {isa = PBXFileReference; lastKnownFileType = text.plist.xml; path = Info.plist; sourceTree = "<group>"; };
		C0FE091423FB30BA00D9024D /* desafio-ios-gabriel-rodriguesUITests.xctest */ = {isa = PBXFileReference; explicitFileType = wrapper.cfbundle; includeInIndex = 0; path = "desafio-ios-gabriel-rodriguesUITests.xctest"; sourceTree = BUILT_PRODUCTS_DIR; };
		C0FE091823FB30BA00D9024D /* desafio_ios_gabriel_rodriguesUITests.swift */ = {isa = PBXFileReference; lastKnownFileType = sourcecode.swift; path = desafio_ios_gabriel_rodriguesUITests.swift; sourceTree = "<group>"; };
		C0FE091A23FB30BA00D9024D /* Info.plist */ = {isa = PBXFileReference; lastKnownFileType = text.plist.xml; path = Info.plist; sourceTree = "<group>"; };
		C0FE092723FB30F200D9024D /* Router.swift */ = {isa = PBXFileReference; fileEncoding = 4; lastKnownFileType = sourcecode.swift; path = Router.swift; sourceTree = "<group>"; };
		C0FE092823FB30F300D9024D /* Network.swift */ = {isa = PBXFileReference; fileEncoding = 4; lastKnownFileType = sourcecode.swift; path = Network.swift; sourceTree = "<group>"; };
		C0FE092C23FB32E300D9024D /* Character.swift */ = {isa = PBXFileReference; lastKnownFileType = sourcecode.swift; path = Character.swift; sourceTree = "<group>"; };
		C0FE092E23FB33E200D9024D /* Comic.swift */ = {isa = PBXFileReference; lastKnownFileType = sourcecode.swift; path = Comic.swift; sourceTree = "<group>"; };
		C0FE093123FB35E400D9024D /* AppAuth.swift */ = {isa = PBXFileReference; fileEncoding = 4; lastKnownFileType = sourcecode.swift; path = AppAuth.swift; sourceTree = "<group>"; };
		C0FE094023FC4B4900D9024D /* CharactersViewController.swift */ = {isa = PBXFileReference; lastKnownFileType = sourcecode.swift; path = CharactersViewController.swift; sourceTree = "<group>"; };
		C0FE094223FC4C1100D9024D /* CharactersViewModel.swift */ = {isa = PBXFileReference; lastKnownFileType = sourcecode.swift; path = CharactersViewModel.swift; sourceTree = "<group>"; };
		C0FE094423FC4C1E00D9024D /* Characters.storyboard */ = {isa = PBXFileReference; lastKnownFileType = file.storyboard; path = Characters.storyboard; sourceTree = "<group>"; };
		C0FE094A23FC511B00D9024D /* CharactersCell.swift */ = {isa = PBXFileReference; lastKnownFileType = sourcecode.swift; path = CharactersCell.swift; sourceTree = "<group>"; };
		C0FE094C23FC514500D9024D /* CharactersCell.xib */ = {isa = PBXFileReference; lastKnownFileType = file.xib; path = CharactersCell.xib; sourceTree = "<group>"; };
		C0FE094E23FC5A2500D9024D /* ClientServer.swift */ = {isa = PBXFileReference; lastKnownFileType = sourcecode.swift; path = ClientServer.swift; sourceTree = "<group>"; };
		F27E522D5DFF54D1B24DB028 /* Pods-desafio-ios-gabriel-rodriguesTests.release.xcconfig */ = {isa = PBXFileReference; includeInIndex = 1; lastKnownFileType = text.xcconfig; name = "Pods-desafio-ios-gabriel-rodriguesTests.release.xcconfig"; path = "Target Support Files/Pods-desafio-ios-gabriel-rodriguesTests/Pods-desafio-ios-gabriel-rodriguesTests.release.xcconfig"; sourceTree = "<group>"; };
/* End PBXFileReference section */

/* Begin PBXFrameworksBuildPhase section */
		C0FE08F023FB30B600D9024D /* Frameworks */ = {
			isa = PBXFrameworksBuildPhase;
			buildActionMask = 2147483647;
			files = (
				849BBD507F3230E1B02EE806 /* Pods_desafio_ios_gabriel_rodrigues.framework in Frameworks */,
			);
			runOnlyForDeploymentPostprocessing = 0;
		};
		C0FE090623FB30BA00D9024D /* Frameworks */ = {
			isa = PBXFrameworksBuildPhase;
			buildActionMask = 2147483647;
			files = (
				2E03448EB2EF3EAACDE24756 /* Pods_desafio_ios_gabriel_rodriguesTests.framework in Frameworks */,
			);
			runOnlyForDeploymentPostprocessing = 0;
		};
		C0FE091123FB30BA00D9024D /* Frameworks */ = {
			isa = PBXFrameworksBuildPhase;
			buildActionMask = 2147483647;
			files = (
				B1B6103DCAEC532EAE9E26F2 /* Pods_desafio_ios_gabriel_rodriguesUITests.framework in Frameworks */,
			);
			runOnlyForDeploymentPostprocessing = 0;
		};
/* End PBXFrameworksBuildPhase section */

/* Begin PBXGroup section */
		7A6D39FA082226B75AE251FE /* Frameworks */ = {
			isa = PBXGroup;
			children = (
				85214A77E4AEE50CC25E8DA2 /* Pods_desafio_ios_gabriel_rodrigues.framework */,
				AB8881A8004C7BECCCC3350D /* Pods_desafio_ios_gabriel_rodriguesTests.framework */,
				A3008AC5890FCFAA580DE379 /* Pods_desafio_ios_gabriel_rodriguesUITests.framework */,
			);
			name = Frameworks;
			sourceTree = "<group>";
		};
		C0FE08EA23FB30B600D9024D = {
			isa = PBXGroup;
			children = (
				C0FE08F523FB30B600D9024D /* desafio-ios-gabriel-rodrigues */,
				C0FE090C23FB30BA00D9024D /* desafio-ios-gabriel-rodriguesTests */,
				C0FE091723FB30BA00D9024D /* desafio-ios-gabriel-rodriguesUITests */,
				C0FE08F423FB30B600D9024D /* Products */,
				E25152EFAF8FF4A59D689CA8 /* Pods */,
				7A6D39FA082226B75AE251FE /* Frameworks */,
			);
			sourceTree = "<group>";
		};
		C0FE08F423FB30B600D9024D /* Products */ = {
			isa = PBXGroup;
			children = (
				C0FE08F323FB30B600D9024D /* desafio-ios-gabriel-rodrigues.app */,
				C0FE090923FB30BA00D9024D /* desafio-ios-gabriel-rodriguesTests.xctest */,
				C0FE091423FB30BA00D9024D /* desafio-ios-gabriel-rodriguesUITests.xctest */,
			);
			name = Products;
			sourceTree = "<group>";
		};
		C0FE08F523FB30B600D9024D /* desafio-ios-gabriel-rodrigues */ = {
			isa = PBXGroup;
			children = (
				C0FE094923FC50FA00D9024D /* Components */,
				C0FE093F23FC4B3600D9024D /* Modules */,
				C0FE093023FB35C100D9024D /* AppAuth */,
				C0FE092B23FB32D500D9024D /* Models */,
				C0FE092623FB30C400D9024D /* Network */,
				C0FE08FA23FB30B600D9024D /* ViewController.swift */,
				C0FE08FC23FB30B600D9024D /* Main.storyboard */,
				C0FE08FF23FB30BA00D9024D /* Assets.xcassets */,
				C0FE090123FB30BA00D9024D /* LaunchScreen.storyboard */,
				C0FE090423FB30BA00D9024D /* Info.plist */,
			);
			path = "desafio-ios-gabriel-rodrigues";
			sourceTree = "<group>";
		};
		C0FE090C23FB30BA00D9024D /* desafio-ios-gabriel-rodriguesTests */ = {
			isa = PBXGroup;
			children = (
				C0FE090D23FB30BA00D9024D /* desafio_ios_gabriel_rodriguesTests.swift */,
				C0FE090F23FB30BA00D9024D /* Info.plist */,
			);
			path = "desafio-ios-gabriel-rodriguesTests";
			sourceTree = "<group>";
		};
		C0FE091723FB30BA00D9024D /* desafio-ios-gabriel-rodriguesUITests */ = {
			isa = PBXGroup;
			children = (
				C0FE091823FB30BA00D9024D /* desafio_ios_gabriel_rodriguesUITests.swift */,
				C0FE091A23FB30BA00D9024D /* Info.plist */,
			);
			path = "desafio-ios-gabriel-rodriguesUITests";
			sourceTree = "<group>";
		};
		C0FE092623FB30C400D9024D /* Network */ = {
			isa = PBXGroup;
			children = (
				C0FE092823FB30F300D9024D /* Network.swift */,
				C0FE092723FB30F200D9024D /* Router.swift */,
				C0FE094E23FC5A2500D9024D /* ClientServer.swift */,
			);
			path = Network;
			sourceTree = "<group>";
		};
		C0FE092B23FB32D500D9024D /* Models */ = {
			isa = PBXGroup;
			children = (
				C0FE092C23FB32E300D9024D /* Character.swift */,
				C0FE092E23FB33E200D9024D /* Comic.swift */,
			);
			path = Models;
			sourceTree = "<group>";
		};
		C0FE093023FB35C100D9024D /* AppAuth */ = {
			isa = PBXGroup;
			children = (
				C0FE093123FB35E400D9024D /* AppAuth.swift */,
				C0FE08F623FB30B600D9024D /* AppDelegate.swift */,
				C0FE08F823FB30B600D9024D /* SceneDelegate.swift */,
			);
			path = AppAuth;
			sourceTree = "<group>";
		};
		C0FE093F23FC4B3600D9024D /* Modules */ = {
			isa = PBXGroup;
			children = (
				C0FE094823FC4D5100D9024D /* Comic */,
				C0FE094723FC4D4700D9024D /* SingleCharacter */,
				C0FE094623FC4D3C00D9024D /* Characters */,
			);
			path = Modules;
			sourceTree = "<group>";
		};
		C0FE094623FC4D3C00D9024D /* Characters */ = {
			isa = PBXGroup;
			children = (
				C0FE094023FC4B4900D9024D /* CharactersViewController.swift */,
				C0FE094223FC4C1100D9024D /* CharactersViewModel.swift */,
				C0FE094423FC4C1E00D9024D /* Characters.storyboard */,
			);
			path = Characters;
			sourceTree = "<group>";
		};
		C0FE094723FC4D4700D9024D /* SingleCharacter */ = {
			isa = PBXGroup;
			children = (
			);
			path = SingleCharacter;
			sourceTree = "<group>";
		};
		C0FE094823FC4D5100D9024D /* Comic */ = {
			isa = PBXGroup;
			children = (
			);
			path = Comic;
			sourceTree = "<group>";
		};
		C0FE094923FC50FA00D9024D /* Components */ = {
			isa = PBXGroup;
			children = (
				C0FE094A23FC511B00D9024D /* CharactersCell.swift */,
				C0FE094C23FC514500D9024D /* CharactersCell.xib */,
			);
			path = Components;
			sourceTree = "<group>";
		};
		E25152EFAF8FF4A59D689CA8 /* Pods */ = {
			isa = PBXGroup;
			children = (
				1013180B547447D14A79EAF3 /* Pods-desafio-ios-gabriel-rodrigues.debug.xcconfig */,
				528BFDCAC14429968FAF16A4 /* Pods-desafio-ios-gabriel-rodrigues.release.xcconfig */,
				90745ED5B2B594DCF78AF755 /* Pods-desafio-ios-gabriel-rodriguesTests.debug.xcconfig */,
				F27E522D5DFF54D1B24DB028 /* Pods-desafio-ios-gabriel-rodriguesTests.release.xcconfig */,
				2EACD498624A31D1490C158F /* Pods-desafio-ios-gabriel-rodriguesUITests.debug.xcconfig */,
				2083ECFBC6B830A2E522490A /* Pods-desafio-ios-gabriel-rodriguesUITests.release.xcconfig */,
			);
			path = Pods;
			sourceTree = "<group>";
		};
/* End PBXGroup section */

/* Begin PBXNativeTarget section */
		C0FE08F223FB30B600D9024D /* desafio-ios-gabriel-rodrigues */ = {
			isa = PBXNativeTarget;
			buildConfigurationList = C0FE091D23FB30BA00D9024D /* Build configuration list for PBXNativeTarget "desafio-ios-gabriel-rodrigues" */;
			buildPhases = (
				59ABF240BA4E311A9B5E8FE7 /* [CP] Check Pods Manifest.lock */,
				C0FE08EF23FB30B600D9024D /* Sources */,
				C0FE08F023FB30B600D9024D /* Frameworks */,
				C0FE08F123FB30B600D9024D /* Resources */,
				30CE27B87DB97B39B9122DAB /* [CP] Embed Pods Frameworks */,
			);
			buildRules = (
			);
			dependencies = (
			);
			name = "desafio-ios-gabriel-rodrigues";
			productName = "desafio-ios-gabriel-rodrigues";
			productReference = C0FE08F323FB30B600D9024D /* desafio-ios-gabriel-rodrigues.app */;
			productType = "com.apple.product-type.application";
		};
		C0FE090823FB30BA00D9024D /* desafio-ios-gabriel-rodriguesTests */ = {
			isa = PBXNativeTarget;
			buildConfigurationList = C0FE092023FB30BA00D9024D /* Build configuration list for PBXNativeTarget "desafio-ios-gabriel-rodriguesTests" */;
			buildPhases = (
				17C1D1D801032ECA491A81E1 /* [CP] Check Pods Manifest.lock */,
				C0FE090523FB30BA00D9024D /* Sources */,
				C0FE090623FB30BA00D9024D /* Frameworks */,
				C0FE090723FB30BA00D9024D /* Resources */,
			);
			buildRules = (
			);
			dependencies = (
				C0FE090B23FB30BA00D9024D /* PBXTargetDependency */,
			);
			name = "desafio-ios-gabriel-rodriguesTests";
			productName = "desafio-ios-gabriel-rodriguesTests";
			productReference = C0FE090923FB30BA00D9024D /* desafio-ios-gabriel-rodriguesTests.xctest */;
			productType = "com.apple.product-type.bundle.unit-test";
		};
		C0FE091323FB30BA00D9024D /* desafio-ios-gabriel-rodriguesUITests */ = {
			isa = PBXNativeTarget;
			buildConfigurationList = C0FE092323FB30BA00D9024D /* Build configuration list for PBXNativeTarget "desafio-ios-gabriel-rodriguesUITests" */;
			buildPhases = (
				377D988D03D5741E1A969CA6 /* [CP] Check Pods Manifest.lock */,
				C0FE091023FB30BA00D9024D /* Sources */,
				C0FE091123FB30BA00D9024D /* Frameworks */,
				C0FE091223FB30BA00D9024D /* Resources */,
			);
			buildRules = (
			);
			dependencies = (
				C0FE091623FB30BA00D9024D /* PBXTargetDependency */,
			);
			name = "desafio-ios-gabriel-rodriguesUITests";
			productName = "desafio-ios-gabriel-rodriguesUITests";
			productReference = C0FE091423FB30BA00D9024D /* desafio-ios-gabriel-rodriguesUITests.xctest */;
			productType = "com.apple.product-type.bundle.ui-testing";
		};
/* End PBXNativeTarget section */

/* Begin PBXProject section */
		C0FE08EB23FB30B600D9024D /* Project object */ = {
			isa = PBXProject;
			attributes = {
				LastSwiftUpdateCheck = 1120;
				LastUpgradeCheck = 1120;
				ORGANIZATIONNAME = Gabriel;
				TargetAttributes = {
					C0FE08F223FB30B600D9024D = {
						CreatedOnToolsVersion = 11.2;
					};
					C0FE090823FB30BA00D9024D = {
						CreatedOnToolsVersion = 11.2;
						TestTargetID = C0FE08F223FB30B600D9024D;
					};
					C0FE091323FB30BA00D9024D = {
						CreatedOnToolsVersion = 11.2;
						TestTargetID = C0FE08F223FB30B600D9024D;
					};
				};
			};
			buildConfigurationList = C0FE08EE23FB30B600D9024D /* Build configuration list for PBXProject "desafio-ios-gabriel-rodrigues" */;
			compatibilityVersion = "Xcode 9.3";
			developmentRegion = en;
			hasScannedForEncodings = 0;
			knownRegions = (
				en,
				Base,
			);
			mainGroup = C0FE08EA23FB30B600D9024D;
			productRefGroup = C0FE08F423FB30B600D9024D /* Products */;
			projectDirPath = "";
			projectRoot = "";
			targets = (
				C0FE08F223FB30B600D9024D /* desafio-ios-gabriel-rodrigues */,
				C0FE090823FB30BA00D9024D /* desafio-ios-gabriel-rodriguesTests */,
				C0FE091323FB30BA00D9024D /* desafio-ios-gabriel-rodriguesUITests */,
			);
		};
/* End PBXProject section */

/* Begin PBXResourcesBuildPhase section */
		C0FE08F123FB30B600D9024D /* Resources */ = {
			isa = PBXResourcesBuildPhase;
			buildActionMask = 2147483647;
			files = (
				C0FE094523FC4C1E00D9024D /* Characters.storyboard in Resources */,
				C0FE090323FB30BA00D9024D /* LaunchScreen.storyboard in Resources */,
				C0FE094D23FC514500D9024D /* CharactersCell.xib in Resources */,
				C0FE090023FB30BA00D9024D /* Assets.xcassets in Resources */,
				C0FE08FE23FB30B600D9024D /* Main.storyboard in Resources */,
			);
			runOnlyForDeploymentPostprocessing = 0;
		};
		C0FE090723FB30BA00D9024D /* Resources */ = {
			isa = PBXResourcesBuildPhase;
			buildActionMask = 2147483647;
			files = (
			);
			runOnlyForDeploymentPostprocessing = 0;
		};
		C0FE091223FB30BA00D9024D /* Resources */ = {
			isa = PBXResourcesBuildPhase;
			buildActionMask = 2147483647;
			files = (
			);
			runOnlyForDeploymentPostprocessing = 0;
		};
/* End PBXResourcesBuildPhase section */

/* Begin PBXShellScriptBuildPhase section */
		17C1D1D801032ECA491A81E1 /* [CP] Check Pods Manifest.lock */ = {
			isa = PBXShellScriptBuildPhase;
			buildActionMask = 2147483647;
			files = (
			);
			inputFileListPaths = (
			);
			inputPaths = (
				"${PODS_PODFILE_DIR_PATH}/Podfile.lock",
				"${PODS_ROOT}/Manifest.lock",
			);
			name = "[CP] Check Pods Manifest.lock";
			outputFileListPaths = (
			);
			outputPaths = (
				"$(DERIVED_FILE_DIR)/Pods-desafio-ios-gabriel-rodriguesTests-checkManifestLockResult.txt",
			);
			runOnlyForDeploymentPostprocessing = 0;
			shellPath = /bin/sh;
			shellScript = "diff \"${PODS_PODFILE_DIR_PATH}/Podfile.lock\" \"${PODS_ROOT}/Manifest.lock\" > /dev/null\nif [ $? != 0 ] ; then\n    # print error to STDERR\n    echo \"error: The sandbox is not in sync with the Podfile.lock. Run 'pod install' or update your CocoaPods installation.\" >&2\n    exit 1\nfi\n# This output is used by Xcode 'outputs' to avoid re-running this script phase.\necho \"SUCCESS\" > \"${SCRIPT_OUTPUT_FILE_0}\"\n";
			showEnvVarsInLog = 0;
		};
		30CE27B87DB97B39B9122DAB /* [CP] Embed Pods Frameworks */ = {
			isa = PBXShellScriptBuildPhase;
			buildActionMask = 2147483647;
			files = (
			);
			inputFileListPaths = (
				"${PODS_ROOT}/Target Support Files/Pods-desafio-ios-gabriel-rodrigues/Pods-desafio-ios-gabriel-rodrigues-frameworks-${CONFIGURATION}-input-files.xcfilelist",
			);
			name = "[CP] Embed Pods Frameworks";
			outputFileListPaths = (
				"${PODS_ROOT}/Target Support Files/Pods-desafio-ios-gabriel-rodrigues/Pods-desafio-ios-gabriel-rodrigues-frameworks-${CONFIGURATION}-output-files.xcfilelist",
			);
			runOnlyForDeploymentPostprocessing = 0;
			shellPath = /bin/sh;
			shellScript = "\"${PODS_ROOT}/Target Support Files/Pods-desafio-ios-gabriel-rodrigues/Pods-desafio-ios-gabriel-rodrigues-frameworks.sh\"\n";
			showEnvVarsInLog = 0;
		};
		377D988D03D5741E1A969CA6 /* [CP] Check Pods Manifest.lock */ = {
			isa = PBXShellScriptBuildPhase;
			buildActionMask = 2147483647;
			files = (
			);
			inputFileListPaths = (
			);
			inputPaths = (
				"${PODS_PODFILE_DIR_PATH}/Podfile.lock",
				"${PODS_ROOT}/Manifest.lock",
			);
			name = "[CP] Check Pods Manifest.lock";
			outputFileListPaths = (
			);
			outputPaths = (
				"$(DERIVED_FILE_DIR)/Pods-desafio-ios-gabriel-rodriguesUITests-checkManifestLockResult.txt",
			);
			runOnlyForDeploymentPostprocessing = 0;
			shellPath = /bin/sh;
			shellScript = "diff \"${PODS_PODFILE_DIR_PATH}/Podfile.lock\" \"${PODS_ROOT}/Manifest.lock\" > /dev/null\nif [ $? != 0 ] ; then\n    # print error to STDERR\n    echo \"error: The sandbox is not in sync with the Podfile.lock. Run 'pod install' or update your CocoaPods installation.\" >&2\n    exit 1\nfi\n# This output is used by Xcode 'outputs' to avoid re-running this script phase.\necho \"SUCCESS\" > \"${SCRIPT_OUTPUT_FILE_0}\"\n";
			showEnvVarsInLog = 0;
		};
		59ABF240BA4E311A9B5E8FE7 /* [CP] Check Pods Manifest.lock */ = {
			isa = PBXShellScriptBuildPhase;
			buildActionMask = 2147483647;
			files = (
			);
			inputFileListPaths = (
			);
			inputPaths = (
				"${PODS_PODFILE_DIR_PATH}/Podfile.lock",
				"${PODS_ROOT}/Manifest.lock",
			);
			name = "[CP] Check Pods Manifest.lock";
			outputFileListPaths = (
			);
			outputPaths = (
				"$(DERIVED_FILE_DIR)/Pods-desafio-ios-gabriel-rodrigues-checkManifestLockResult.txt",
			);
			runOnlyForDeploymentPostprocessing = 0;
			shellPath = /bin/sh;
			shellScript = "diff \"${PODS_PODFILE_DIR_PATH}/Podfile.lock\" \"${PODS_ROOT}/Manifest.lock\" > /dev/null\nif [ $? != 0 ] ; then\n    # print error to STDERR\n    echo \"error: The sandbox is not in sync with the Podfile.lock. Run 'pod install' or update your CocoaPods installation.\" >&2\n    exit 1\nfi\n# This output is used by Xcode 'outputs' to avoid re-running this script phase.\necho \"SUCCESS\" > \"${SCRIPT_OUTPUT_FILE_0}\"\n";
			showEnvVarsInLog = 0;
		};
/* End PBXShellScriptBuildPhase section */

/* Begin PBXSourcesBuildPhase section */
		C0FE08EF23FB30B600D9024D /* Sources */ = {
			isa = PBXSourcesBuildPhase;
			buildActionMask = 2147483647;
			files = (
				C0FE092A23FB30F300D9024D /* Network.swift in Sources */,
				C0FE092923FB30F300D9024D /* Router.swift in Sources */,
				C0FE092F23FB33E200D9024D /* Comic.swift in Sources */,
				C0FE093223FB35E400D9024D /* AppAuth.swift in Sources */,
				C0FE094323FC4C1100D9024D /* CharactersViewModel.swift in Sources */,
				C0FE08FB23FB30B600D9024D /* ViewController.swift in Sources */,
				C0FE094B23FC511B00D9024D /* CharactersCell.swift in Sources */,
				C0FE094F23FC5A2500D9024D /* ClientServer.swift in Sources */,
				C0FE092D23FB32E300D9024D /* Character.swift in Sources */,
				C0FE08F723FB30B600D9024D /* AppDelegate.swift in Sources */,
				C0FE08F923FB30B600D9024D /* SceneDelegate.swift in Sources */,
				C0FE094123FC4B4900D9024D /* CharactersViewController.swift in Sources */,
			);
			runOnlyForDeploymentPostprocessing = 0;
		};
		C0FE090523FB30BA00D9024D /* Sources */ = {
			isa = PBXSourcesBuildPhase;
			buildActionMask = 2147483647;
			files = (
				C0FE090E23FB30BA00D9024D /* desafio_ios_gabriel_rodriguesTests.swift in Sources */,
			);
			runOnlyForDeploymentPostprocessing = 0;
		};
		C0FE091023FB30BA00D9024D /* Sources */ = {
			isa = PBXSourcesBuildPhase;
			buildActionMask = 2147483647;
			files = (
				C0FE091923FB30BA00D9024D /* desafio_ios_gabriel_rodriguesUITests.swift in Sources */,
			);
			runOnlyForDeploymentPostprocessing = 0;
		};
/* End PBXSourcesBuildPhase section */

/* Begin PBXTargetDependency section */
		C0FE090B23FB30BA00D9024D /* PBXTargetDependency */ = {
			isa = PBXTargetDependency;
			target = C0FE08F223FB30B600D9024D /* desafio-ios-gabriel-rodrigues */;
			targetProxy = C0FE090A23FB30BA00D9024D /* PBXContainerItemProxy */;
		};
		C0FE091623FB30BA00D9024D /* PBXTargetDependency */ = {
			isa = PBXTargetDependency;
			target = C0FE08F223FB30B600D9024D /* desafio-ios-gabriel-rodrigues */;
			targetProxy = C0FE091523FB30BA00D9024D /* PBXContainerItemProxy */;
		};
/* End PBXTargetDependency section */

/* Begin PBXVariantGroup section */
		C0FE08FC23FB30B600D9024D /* Main.storyboard */ = {
			isa = PBXVariantGroup;
			children = (
				C0FE08FD23FB30B600D9024D /* Base */,
			);
			name = Main.storyboard;
			sourceTree = "<group>";
		};
		C0FE090123FB30BA00D9024D /* LaunchScreen.storyboard */ = {
			isa = PBXVariantGroup;
			children = (
				C0FE090223FB30BA00D9024D /* Base */,
			);
			name = LaunchScreen.storyboard;
			sourceTree = "<group>";
		};
/* End PBXVariantGroup section */

/* Begin XCBuildConfiguration section */
		C0FE091B23FB30BA00D9024D /* Debug */ = {
			isa = XCBuildConfiguration;
			buildSettings = {
				ALWAYS_SEARCH_USER_PATHS = NO;
				CLANG_ANALYZER_NONNULL = YES;
				CLANG_ANALYZER_NUMBER_OBJECT_CONVERSION = YES_AGGRESSIVE;
				CLANG_CXX_LANGUAGE_STANDARD = "gnu++14";
				CLANG_CXX_LIBRARY = "libc++";
				CLANG_ENABLE_MODULES = YES;
				CLANG_ENABLE_OBJC_ARC = YES;
				CLANG_ENABLE_OBJC_WEAK = YES;
				CLANG_WARN_BLOCK_CAPTURE_AUTORELEASING = YES;
				CLANG_WARN_BOOL_CONVERSION = YES;
				CLANG_WARN_COMMA = YES;
				CLANG_WARN_CONSTANT_CONVERSION = YES;
				CLANG_WARN_DEPRECATED_OBJC_IMPLEMENTATIONS = YES;
				CLANG_WARN_DIRECT_OBJC_ISA_USAGE = YES_ERROR;
				CLANG_WARN_DOCUMENTATION_COMMENTS = YES;
				CLANG_WARN_EMPTY_BODY = YES;
				CLANG_WARN_ENUM_CONVERSION = YES;
				CLANG_WARN_INFINITE_RECURSION = YES;
				CLANG_WARN_INT_CONVERSION = YES;
				CLANG_WARN_NON_LITERAL_NULL_CONVERSION = YES;
				CLANG_WARN_OBJC_IMPLICIT_RETAIN_SELF = YES;
				CLANG_WARN_OBJC_LITERAL_CONVERSION = YES;
				CLANG_WARN_OBJC_ROOT_CLASS = YES_ERROR;
				CLANG_WARN_RANGE_LOOP_ANALYSIS = YES;
				CLANG_WARN_STRICT_PROTOTYPES = YES;
				CLANG_WARN_SUSPICIOUS_MOVE = YES;
				CLANG_WARN_UNGUARDED_AVAILABILITY = YES_AGGRESSIVE;
				CLANG_WARN_UNREACHABLE_CODE = YES;
				CLANG_WARN__DUPLICATE_METHOD_MATCH = YES;
				COPY_PHASE_STRIP = NO;
				DEBUG_INFORMATION_FORMAT = dwarf;
				ENABLE_STRICT_OBJC_MSGSEND = YES;
				ENABLE_TESTABILITY = YES;
				GCC_C_LANGUAGE_STANDARD = gnu11;
				GCC_DYNAMIC_NO_PIC = NO;
				GCC_NO_COMMON_BLOCKS = YES;
				GCC_OPTIMIZATION_LEVEL = 0;
				GCC_PREPROCESSOR_DEFINITIONS = (
					"DEBUG=1",
					"$(inherited)",
				);
				GCC_WARN_64_TO_32_BIT_CONVERSION = YES;
				GCC_WARN_ABOUT_RETURN_TYPE = YES_ERROR;
				GCC_WARN_UNDECLARED_SELECTOR = YES;
				GCC_WARN_UNINITIALIZED_AUTOS = YES_AGGRESSIVE;
				GCC_WARN_UNUSED_FUNCTION = YES;
				GCC_WARN_UNUSED_VARIABLE = YES;
				IPHONEOS_DEPLOYMENT_TARGET = 13.2;
				MTL_ENABLE_DEBUG_INFO = INCLUDE_SOURCE;
				MTL_FAST_MATH = YES;
				ONLY_ACTIVE_ARCH = YES;
				SDKROOT = iphoneos;
				SWIFT_ACTIVE_COMPILATION_CONDITIONS = DEBUG;
				SWIFT_OPTIMIZATION_LEVEL = "-Onone";
			};
			name = Debug;
		};
		C0FE091C23FB30BA00D9024D /* Release */ = {
			isa = XCBuildConfiguration;
			buildSettings = {
				ALWAYS_SEARCH_USER_PATHS = NO;
				CLANG_ANALYZER_NONNULL = YES;
				CLANG_ANALYZER_NUMBER_OBJECT_CONVERSION = YES_AGGRESSIVE;
				CLANG_CXX_LANGUAGE_STANDARD = "gnu++14";
				CLANG_CXX_LIBRARY = "libc++";
				CLANG_ENABLE_MODULES = YES;
				CLANG_ENABLE_OBJC_ARC = YES;
				CLANG_ENABLE_OBJC_WEAK = YES;
				CLANG_WARN_BLOCK_CAPTURE_AUTORELEASING = YES;
				CLANG_WARN_BOOL_CONVERSION = YES;
				CLANG_WARN_COMMA = YES;
				CLANG_WARN_CONSTANT_CONVERSION = YES;
				CLANG_WARN_DEPRECATED_OBJC_IMPLEMENTATIONS = YES;
				CLANG_WARN_DIRECT_OBJC_ISA_USAGE = YES_ERROR;
				CLANG_WARN_DOCUMENTATION_COMMENTS = YES;
				CLANG_WARN_EMPTY_BODY = YES;
				CLANG_WARN_ENUM_CONVERSION = YES;
				CLANG_WARN_INFINITE_RECURSION = YES;
				CLANG_WARN_INT_CONVERSION = YES;
				CLANG_WARN_NON_LITERAL_NULL_CONVERSION = YES;
				CLANG_WARN_OBJC_IMPLICIT_RETAIN_SELF = YES;
				CLANG_WARN_OBJC_LITERAL_CONVERSION = YES;
				CLANG_WARN_OBJC_ROOT_CLASS = YES_ERROR;
				CLANG_WARN_RANGE_LOOP_ANALYSIS = YES;
				CLANG_WARN_STRICT_PROTOTYPES = YES;
				CLANG_WARN_SUSPICIOUS_MOVE = YES;
				CLANG_WARN_UNGUARDED_AVAILABILITY = YES_AGGRESSIVE;
				CLANG_WARN_UNREACHABLE_CODE = YES;
				CLANG_WARN__DUPLICATE_METHOD_MATCH = YES;
				COPY_PHASE_STRIP = NO;
				DEBUG_INFORMATION_FORMAT = "dwarf-with-dsym";
				ENABLE_NS_ASSERTIONS = NO;
				ENABLE_STRICT_OBJC_MSGSEND = YES;
				GCC_C_LANGUAGE_STANDARD = gnu11;
				GCC_NO_COMMON_BLOCKS = YES;
				GCC_WARN_64_TO_32_BIT_CONVERSION = YES;
				GCC_WARN_ABOUT_RETURN_TYPE = YES_ERROR;
				GCC_WARN_UNDECLARED_SELECTOR = YES;
				GCC_WARN_UNINITIALIZED_AUTOS = YES_AGGRESSIVE;
				GCC_WARN_UNUSED_FUNCTION = YES;
				GCC_WARN_UNUSED_VARIABLE = YES;
				IPHONEOS_DEPLOYMENT_TARGET = 13.2;
				MTL_ENABLE_DEBUG_INFO = NO;
				MTL_FAST_MATH = YES;
				SDKROOT = iphoneos;
				SWIFT_COMPILATION_MODE = wholemodule;
				SWIFT_OPTIMIZATION_LEVEL = "-O";
				VALIDATE_PRODUCT = YES;
			};
			name = Release;
		};
		C0FE091E23FB30BA00D9024D /* Debug */ = {
			isa = XCBuildConfiguration;
			baseConfigurationReference = 1013180B547447D14A79EAF3 /* Pods-desafio-ios-gabriel-rodrigues.debug.xcconfig */;
			buildSettings = {
				ASSETCATALOG_COMPILER_APPICON_NAME = AppIcon;
				CODE_SIGN_STYLE = Automatic;
				DEVELOPMENT_TEAM = D2J564QJA4;
				INFOPLIST_FILE = "desafio-ios-gabriel-rodrigues/Info.plist";
				LD_RUNPATH_SEARCH_PATHS = (
					"$(inherited)",
					"@executable_path/Frameworks",
				);
				PRODUCT_BUNDLE_IDENTIFIER = "gabrielrodrigues.desafio-ios-gabriel-rodrigues";
				PRODUCT_NAME = "$(TARGET_NAME)";
				SWIFT_VERSION = 5.0;
				TARGETED_DEVICE_FAMILY = "1,2";
			};
			name = Debug;
		};
		C0FE091F23FB30BA00D9024D /* Release */ = {
			isa = XCBuildConfiguration;
			baseConfigurationReference = 528BFDCAC14429968FAF16A4 /* Pods-desafio-ios-gabriel-rodrigues.release.xcconfig */;
			buildSettings = {
				ASSETCATALOG_COMPILER_APPICON_NAME = AppIcon;
				CODE_SIGN_STYLE = Automatic;
				DEVELOPMENT_TEAM = D2J564QJA4;
				INFOPLIST_FILE = "desafio-ios-gabriel-rodrigues/Info.plist";
				LD_RUNPATH_SEARCH_PATHS = (
					"$(inherited)",
					"@executable_path/Frameworks",
				);
				PRODUCT_BUNDLE_IDENTIFIER = "gabrielrodrigues.desafio-ios-gabriel-rodrigues";
				PRODUCT_NAME = "$(TARGET_NAME)";
				SWIFT_VERSION = 5.0;
				TARGETED_DEVICE_FAMILY = "1,2";
			};
			name = Release;
		};
		C0FE092123FB30BA00D9024D /* Debug */ = {
			isa = XCBuildConfiguration;
			baseConfigurationReference = 90745ED5B2B594DCF78AF755 /* Pods-desafio-ios-gabriel-rodriguesTests.debug.xcconfig */;
			buildSettings = {
				ALWAYS_EMBED_SWIFT_STANDARD_LIBRARIES = YES;
				BUNDLE_LOADER = "$(TEST_HOST)";
				CODE_SIGN_STYLE = Automatic;
				DEVELOPMENT_TEAM = D2J564QJA4;
				INFOPLIST_FILE = "desafio-ios-gabriel-rodriguesTests/Info.plist";
				IPHONEOS_DEPLOYMENT_TARGET = 13.2;
				LD_RUNPATH_SEARCH_PATHS = (
					"$(inherited)",
					"@executable_path/Frameworks",
					"@loader_path/Frameworks",
				);
				PRODUCT_BUNDLE_IDENTIFIER = "gabrielrodrigues.desafio-ios-gabriel-rodriguesTests";
				PRODUCT_NAME = "$(TARGET_NAME)";
				SWIFT_VERSION = 5.0;
				TARGETED_DEVICE_FAMILY = "1,2";
				TEST_HOST = "$(BUILT_PRODUCTS_DIR)/desafio-ios-gabriel-rodrigues.app/desafio-ios-gabriel-rodrigues";
			};
			name = Debug;
		};
		C0FE092223FB30BA00D9024D /* Release */ = {
			isa = XCBuildConfiguration;
			baseConfigurationReference = F27E522D5DFF54D1B24DB028 /* Pods-desafio-ios-gabriel-rodriguesTests.release.xcconfig */;
			buildSettings = {
				ALWAYS_EMBED_SWIFT_STANDARD_LIBRARIES = YES;
				BUNDLE_LOADER = "$(TEST_HOST)";
				CODE_SIGN_STYLE = Automatic;
				DEVELOPMENT_TEAM = D2J564QJA4;
				INFOPLIST_FILE = "desafio-ios-gabriel-rodriguesTests/Info.plist";
				IPHONEOS_DEPLOYMENT_TARGET = 13.2;
				LD_RUNPATH_SEARCH_PATHS = (
					"$(inherited)",
					"@executable_path/Frameworks",
					"@loader_path/Frameworks",
				);
				PRODUCT_BUNDLE_IDENTIFIER = "gabrielrodrigues.desafio-ios-gabriel-rodriguesTests";
				PRODUCT_NAME = "$(TARGET_NAME)";
				SWIFT_VERSION = 5.0;
				TARGETED_DEVICE_FAMILY = "1,2";
				TEST_HOST = "$(BUILT_PRODUCTS_DIR)/desafio-ios-gabriel-rodrigues.app/desafio-ios-gabriel-rodrigues";
			};
			name = Release;
		};
		C0FE092423FB30BA00D9024D /* Debug */ = {
			isa = XCBuildConfiguration;
			baseConfigurationReference = 2EACD498624A31D1490C158F /* Pods-desafio-ios-gabriel-rodriguesUITests.debug.xcconfig */;
			buildSettings = {
				ALWAYS_EMBED_SWIFT_STANDARD_LIBRARIES = YES;
				CODE_SIGN_STYLE = Automatic;
				DEVELOPMENT_TEAM = D2J564QJA4;
				INFOPLIST_FILE = "desafio-ios-gabriel-rodriguesUITests/Info.plist";
				LD_RUNPATH_SEARCH_PATHS = (
					"$(inherited)",
					"@executable_path/Frameworks",
					"@loader_path/Frameworks",
				);
				PRODUCT_BUNDLE_IDENTIFIER = "gabrielrodrigues.desafio-ios-gabriel-rodriguesUITests";
				PRODUCT_NAME = "$(TARGET_NAME)";
				SWIFT_VERSION = 5.0;
				TARGETED_DEVICE_FAMILY = "1,2";
				TEST_TARGET_NAME = "desafio-ios-gabriel-rodrigues";
			};
			name = Debug;
		};
		C0FE092523FB30BA00D9024D /* Release */ = {
			isa = XCBuildConfiguration;
			baseConfigurationReference = 2083ECFBC6B830A2E522490A /* Pods-desafio-ios-gabriel-rodriguesUITests.release.xcconfig */;
			buildSettings = {
				ALWAYS_EMBED_SWIFT_STANDARD_LIBRARIES = YES;
				CODE_SIGN_STYLE = Automatic;
				DEVELOPMENT_TEAM = D2J564QJA4;
				INFOPLIST_FILE = "desafio-ios-gabriel-rodriguesUITests/Info.plist";
				LD_RUNPATH_SEARCH_PATHS = (
					"$(inherited)",
					"@executable_path/Frameworks",
					"@loader_path/Frameworks",
				);
				PRODUCT_BUNDLE_IDENTIFIER = "gabrielrodrigues.desafio-ios-gabriel-rodriguesUITests";
				PRODUCT_NAME = "$(TARGET_NAME)";
				SWIFT_VERSION = 5.0;
				TARGETED_DEVICE_FAMILY = "1,2";
				TEST_TARGET_NAME = "desafio-ios-gabriel-rodrigues";
			};
			name = Release;
		};
/* End XCBuildConfiguration section */

/* Begin XCConfigurationList section */
		C0FE08EE23FB30B600D9024D /* Build configuration list for PBXProject "desafio-ios-gabriel-rodrigues" */ = {
			isa = XCConfigurationList;
			buildConfigurations = (
				C0FE091B23FB30BA00D9024D /* Debug */,
				C0FE091C23FB30BA00D9024D /* Release */,
			);
			defaultConfigurationIsVisible = 0;
			defaultConfigurationName = Release;
		};
		C0FE091D23FB30BA00D9024D /* Build configuration list for PBXNativeTarget "desafio-ios-gabriel-rodrigues" */ = {
			isa = XCConfigurationList;
			buildConfigurations = (
				C0FE091E23FB30BA00D9024D /* Debug */,
				C0FE091F23FB30BA00D9024D /* Release */,
			);
			defaultConfigurationIsVisible = 0;
			defaultConfigurationName = Release;
		};
		C0FE092023FB30BA00D9024D /* Build configuration list for PBXNativeTarget "desafio-ios-gabriel-rodriguesTests" */ = {
			isa = XCConfigurationList;
			buildConfigurations = (
				C0FE092123FB30BA00D9024D /* Debug */,
				C0FE092223FB30BA00D9024D /* Release */,
			);
			defaultConfigurationIsVisible = 0;
			defaultConfigurationName = Release;
		};
		C0FE092323FB30BA00D9024D /* Build configuration list for PBXNativeTarget "desafio-ios-gabriel-rodriguesUITests" */ = {
			isa = XCConfigurationList;
			buildConfigurations = (
				C0FE092423FB30BA00D9024D /* Debug */,
				C0FE092523FB30BA00D9024D /* Release */,
			);
			defaultConfigurationIsVisible = 0;
			defaultConfigurationName = Release;
		};
/* End XCConfigurationList section */
	};
	rootObject = C0FE08EB23FB30B600D9024D /* Project object */;
}
